
Microsoft Visual Studio Solution File, Format Version 12.00
# Visual Studio Version 16
VisualStudioVersion = 16.0.31829.152
MinimumVisualStudioVersion = 10.0.40219.1
Project("{FAE04EC0-301F-11D3-BF4B-00C04F79EFBC}") = "RMDataManager", "DataManager\RMDataManager.csproj", "{9A9BBF51-A320-4126-93AF-B0AB795EF40B}"
EndProject
Project("{00D1A9C2-B5F0-4AF3-8072-F6C62B433612}") = "RMData", "RMData\RMData.sqlproj", "{0ABD8383-C657-434D-80D4-DAD3EAD47BC8}"
EndProject
Project("{FAE04EC0-301F-11D3-BF4B-00C04F79EFBC}") = "RMDesktopUI", "RMWPFUserInterfece\RMDesktopUI.csproj", "{E360BED5-4B8E-41CA-AD14-D849A9EEAE39}"
EndProject
Project("{FAE04EC0-301F-11D3-BF4B-00C04F79EFBC}") = "RMDataManager.Library", "RMDataManager.Library\RMDataManager.Library.csproj", "{9CC1EE88-8A42-4E38-A110-82668C3BE654}"
EndProject
Project("{FAE04EC0-301F-11D3-BF4B-00C04F79EFBC}") = "RMDesktopUI.Library", "RMDesktopUI.Library\RMDesktopUI.Library.csproj", "{7823CC2E-CC7E-4EB3-8124-10DCEF147E1E}"
EndProject
Project("{2150E333-8FDC-42A3-9474-1A3956D46DE8}") = "Database", "Database", "{C10FFDDF-6886-4046-B022-06196DA0BB96}"
EndProject
Project("{2150E333-8FDC-42A3-9474-1A3956D46DE8}") = "WPF", "WPF", "{8AC16128-E1AC-49A8-AA16-B09182F8EF8E}"
EndProject
Project("{2150E333-8FDC-42A3-9474-1A3956D46DE8}") = "API", "API", "{5B61BFF0-F4D8-47CD-9AFB-8ADC37C34028}"
EndProject
Global
	GlobalSection(SolutionConfigurationPlatforms) = preSolution
		Debug|Any CPU = Debug|Any CPU
		Release|Any CPU = Release|Any CPU
	EndGlobalSection
	GlobalSection(ProjectConfigurationPlatforms) = postSolution
		{9A9BBF51-A320-4126-93AF-B0AB795EF40B}.Debug|Any CPU.ActiveCfg = Debug|Any CPU
		{9A9BBF51-A320-4126-93AF-B0AB795EF40B}.Debug|Any CPU.Build.0 = Debug|Any CPU
		{9A9BBF51-A320-4126-93AF-B0AB795EF40B}.Release|Any CPU.ActiveCfg = Release|Any CPU
		{9A9BBF51-A320-4126-93AF-B0AB795EF40B}.Release|Any CPU.Build.0 = Release|Any CPU
		{0ABD8383-C657-434D-80D4-DAD3EAD47BC8}.Debug|Any CPU.ActiveCfg = Debug|Any CPU
		{0ABD8383-C657-434D-80D4-DAD3EAD47BC8}.Debug|Any CPU.Build.0 = Debug|Any CPU
		{0ABD8383-C657-434D-80D4-DAD3EAD47BC8}.Debug|Any CPU.Deploy.0 = Debug|Any CPU
		{0ABD8383-C657-434D-80D4-DAD3EAD47BC8}.Release|Any CPU.ActiveCfg = Release|Any CPU
		{0ABD8383-C657-434D-80D4-DAD3EAD47BC8}.Release|Any CPU.Build.0 = Release|Any CPU
		{0ABD8383-C657-434D-80D4-DAD3EAD47BC8}.Release|Any CPU.Deploy.0 = Release|Any CPU
		{E360BED5-4B8E-41CA-AD14-D849A9EEAE39}.Debug|Any CPU.ActiveCfg = Debug|Any CPU
		{E360BED5-4B8E-41CA-AD14-D849A9EEAE39}.Debug|Any CPU.Build.0 = Debug|Any CPU
		{E360BED5-4B8E-41CA-AD14-D849A9EEAE39}.Release|Any CPU.ActiveCfg = Release|Any CPU
		{E360BED5-4B8E-41CA-AD14-D849A9EEAE39}.Release|Any CPU.Build.0 = Release|Any CPU
		{9CC1EE88-8A42-4E38-A110-82668C3BE654}.Debug|Any CPU.ActiveCfg = Debug|Any CPU
		{9CC1EE88-8A42-4E38-A110-82668C3BE654}.Debug|Any CPU.Build.0 = Debug|Any CPU
		{9CC1EE88-8A42-4E38-A110-82668C3BE654}.Release|Any CPU.ActiveCfg = Release|Any CPU
		{9CC1EE88-8A42-4E38-A110-82668C3BE654}.Release|Any CPU.Build.0 = Release|Any CPU
		{7823CC2E-CC7E-4EB3-8124-10DCEF147E1E}.Debug|Any CPU.ActiveCfg = Debug|Any CPU
		{7823CC2E-CC7E-4EB3-8124-10DCEF147E1E}.Debug|Any CPU.Build.0 = Debug|Any CPU
		{7823CC2E-CC7E-4EB3-8124-10DCEF147E1E}.Release|Any CPU.ActiveCfg = Release|Any CPU
		{7823CC2E-CC7E-4EB3-8124-10DCEF147E1E}.Release|Any CPU.Build.0 = Release|Any CPU
	EndGlobalSection
	GlobalSection(SolutionProperties) = preSolution
		HideSolutionNode = FALSE
	EndGlobalSection
	GlobalSection(NestedProjects) = preSolution
		{9A9BBF51-A320-4126-93AF-B0AB795EF40B} = {5B61BFF0-F4D8-47CD-9AFB-8ADC37C34028}
		{0ABD8383-C657-434D-80D4-DAD3EAD47BC8} = {C10FFDDF-6886-4046-B022-06196DA0BB96}
		{E360BED5-4B8E-41CA-AD14-D849A9EEAE39} = {8AC16128-E1AC-49A8-AA16-B09182F8EF8E}
		{9CC1EE88-8A42-4E38-A110-82668C3BE654} = {5B61BFF0-F4D8-47CD-9AFB-8ADC37C34028}
		{7823CC2E-CC7E-4EB3-8124-10DCEF147E1E} = {8AC16128-E1AC-49A8-AA16-B09182F8EF8E}
	EndGlobalSection
	GlobalSection(ExtensibilityGlobals) = postSolution
		SolutionGuid = {D7AEB68A-85AB-408C-A39C-835D3FDE20E0}
	EndGlobalSection
EndGlobal
